// !$*UTF8*$!
{
	archiveVersion = 1;
	classes = {
	};
	objectVersion = 46;
	objects = {

/* Begin PBXBuildFile section */
		C948F3F91A1C662E0000A910 /* main.m in Sources */ = {isa = PBXBuildFile; fileRef = C948F3F81A1C662E0000A910 /* main.m */; };
		C948F3FC1A1C662E0000A910 /* AppDelegate.m in Sources */ = {isa = PBXBuildFile; fileRef = C948F3FB1A1C662E0000A910 /* AppDelegate.m */; };
		C948F4021A1C662E0000A910 /* Main.storyboard in Resources */ = {isa = PBXBuildFile; fileRef = C948F4001A1C662E0000A910 /* Main.storyboard */; };
		C948F4041A1C662E0000A910 /* Images.xcassets in Resources */ = {isa = PBXBuildFile; fileRef = C948F4031A1C662E0000A910 /* Images.xcassets */; };
		C948F4071A1C662E0000A910 /* LaunchScreen.xib in Resources */ = {isa = PBXBuildFile; fileRef = C948F4051A1C662E0000A910 /* LaunchScreen.xib */; };
		C948F4131A1C662E0000A910 /* MunchkinCounterTests.m in Sources */ = {isa = PBXBuildFile; fileRef = C948F4121A1C662E0000A910 /* MunchkinCounterTests.m */; };
		C974302D1A1CCB2700D83A67 /* MPAMainViewController.m in Sources */ = {isa = PBXBuildFile; fileRef = C974302C1A1CCB2700D83A67 /* MPAMainViewController.m */; };
		C97430301A1CD24A00D83A67 /* MPAPlayer.m in Sources */ = {isa = PBXBuildFile; fileRef = C974302F1A1CD24A00D83A67 /* MPAPlayer.m */; };
		C97430331A1CD79000D83A67 /* MPAStartScreenViewController.m in Sources */ = {isa = PBXBuildFile; fileRef = C97430321A1CD79000D83A67 /* MPAStartScreenViewController.m */; };
/* End PBXBuildFile section */

/* Begin PBXContainerItemProxy section */
		C948F40D1A1C662E0000A910 /* PBXContainerItemProxy */ = {
			isa = PBXContainerItemProxy;
			containerPortal = C948F3EB1A1C662E0000A910 /* Project object */;
			proxyType = 1;
			remoteGlobalIDString = C948F3F21A1C662E0000A910;
			remoteInfo = MunchkinCounter;
		};
/* End PBXContainerItemProxy section */

/* Begin PBXFileReference section */
		C948F3F31A1C662E0000A910 /* MunchkinCounter.app */ = {isa = PBXFileReference; explicitFileType = wrapper.application; includeInIndex = 0; path = MunchkinCounter.app; sourceTree = BUILT_PRODUCTS_DIR; };
		C948F3F71A1C662E0000A910 /* Info.plist */ = {isa = PBXFileReference; lastKnownFileType = text.plist.xml; path = Info.plist; sourceTree = "<group>"; };
		C948F3F81A1C662E0000A910 /* main.m */ = {isa = PBXFileReference; lastKnownFileType = sourcecode.c.objc; path = main.m; sourceTree = "<group>"; };
		C948F3FA1A1C662E0000A910 /* AppDelegate.h */ = {isa = PBXFileReference; lastKnownFileType = sourcecode.c.h; path = AppDelegate.h; sourceTree = "<group>"; };
		C948F3FB1A1C662E0000A910 /* AppDelegate.m */ = {isa = PBXFileReference; lastKnownFileType = sourcecode.c.objc; path = AppDelegate.m; sourceTree = "<group>"; };
		C948F4011A1C662E0000A910 /* Base */ = {isa = PBXFileReference; lastKnownFileType = file.storyboard; name = Base; path = Base.lproj/Main.storyboard; sourceTree = "<group>"; };
		C948F4031A1C662E0000A910 /* Images.xcassets */ = {isa = PBXFileReference; lastKnownFileType = folder.assetcatalog; path = Images.xcassets; sourceTree = "<group>"; };
		C948F4061A1C662E0000A910 /* Base */ = {isa = PBXFileReference; lastKnownFileType = file.xib; name = Base; path = Base.lproj/LaunchScreen.xib; sourceTree = "<group>"; };
		C948F40C1A1C662E0000A910 /* MunchkinCounterTests.xctest */ = {isa = PBXFileReference; explicitFileType = wrapper.cfbundle; includeInIndex = 0; path = MunchkinCounterTests.xctest; sourceTree = BUILT_PRODUCTS_DIR; };
		C948F4111A1C662E0000A910 /* Info.plist */ = {isa = PBXFileReference; lastKnownFileType = text.plist.xml; path = Info.plist; sourceTree = "<group>"; };
		C948F4121A1C662E0000A910 /* MunchkinCounterTests.m */ = {isa = PBXFileReference; lastKnownFileType = sourcecode.c.objc; path = MunchkinCounterTests.m; sourceTree = "<group>"; };
		C974302B1A1CCB2700D83A67 /* MPAMainViewController.h */ = {isa = PBXFileReference; fileEncoding = 4; lastKnownFileType = sourcecode.c.h; path = MPAMainViewController.h; sourceTree = "<group>"; };
		C974302C1A1CCB2700D83A67 /* MPAMainViewController.m */ = {isa = PBXFileReference; fileEncoding = 4; lastKnownFileType = sourcecode.c.objc; path = MPAMainViewController.m; sourceTree = "<group>"; };
		C974302E1A1CD24A00D83A67 /* MPAPlayer.h */ = {isa = PBXFileReference; fileEncoding = 4; lastKnownFileType = sourcecode.c.h; path = MPAPlayer.h; sourceTree = "<group>"; };
		C974302F1A1CD24A00D83A67 /* MPAPlayer.m */ = {isa = PBXFileReference; fileEncoding = 4; lastKnownFileType = sourcecode.c.objc; path = MPAPlayer.m; sourceTree = "<group>"; };
		C97430311A1CD79000D83A67 /* MPAStartScreenViewController.h */ = {isa = PBXFileReference; fileEncoding = 4; lastKnownFileType = sourcecode.c.h; path = MPAStartScreenViewController.h; sourceTree = "<group>"; };
		C97430321A1CD79000D83A67 /* MPAStartScreenViewController.m */ = {isa = PBXFileReference; fileEncoding = 4; lastKnownFileType = sourcecode.c.objc; path = MPAStartScreenViewController.m; sourceTree = "<group>"; };
/* End PBXFileReference section */

/* Begin PBXFrameworksBuildPhase section */
		C948F3F01A1C662E0000A910 /* Frameworks */ = {
			isa = PBXFrameworksBuildPhase;
			buildActionMask = 2147483647;
			files = (
			);
			runOnlyForDeploymentPostprocessing = 0;
		};
		C948F4091A1C662E0000A910 /* Frameworks */ = {
			isa = PBXFrameworksBuildPhase;
			buildActionMask = 2147483647;
			files = (
			);
			runOnlyForDeploymentPostprocessing = 0;
		};
/* End PBXFrameworksBuildPhase section */

/* Begin PBXGroup section */
		C948F3EA1A1C662E0000A910 = {
			isa = PBXGroup;
			children = (
				C948F3F51A1C662E0000A910 /* MunchkinCounter */,
				C948F40F1A1C662E0000A910 /* MunchkinCounterTests */,
				C948F3F41A1C662E0000A910 /* Products */,
			);
			sourceTree = "<group>";
		};
		C948F3F41A1C662E0000A910 /* Products */ = {
			isa = PBXGroup;
			children = (
				C948F3F31A1C662E0000A910 /* MunchkinCounter.app */,
				C948F40C1A1C662E0000A910 /* MunchkinCounterTests.xctest */,
			);
			name = Products;
			sourceTree = "<group>";
		};
		C948F3F51A1C662E0000A910 /* MunchkinCounter */ = {
			isa = PBXGroup;
			children = (
				C948F3FA1A1C662E0000A910 /* AppDelegate.h */,
				C948F3FB1A1C662E0000A910 /* AppDelegate.m */,
				C948F4001A1C662E0000A910 /* Main.storyboard */,
				C97430311A1CD79000D83A67 /* MPAStartScreenViewController.h */,
				C97430321A1CD79000D83A67 /* MPAStartScreenViewController.m */,
				C974302B1A1CCB2700D83A67 /* MPAMainViewController.h */,
				C974302C1A1CCB2700D83A67 /* MPAMainViewController.m */,
				C974302E1A1CD24A00D83A67 /* MPAPlayer.h */,
				C974302F1A1CD24A00D83A67 /* MPAPlayer.m */,
				C948F4031A1C662E0000A910 /* Images.xcassets */,
				C948F4051A1C662E0000A910 /* LaunchScreen.xib */,
				C948F3F61A1C662E0000A910 /* Supporting Files */,
			);
			path = MunchkinCounter;
			sourceTree = "<group>";
		};
		C948F3F61A1C662E0000A910 /* Supporting Files */ = {
			isa = PBXGroup;
			children = (
				C948F3F71A1C662E0000A910 /* Info.plist */,
				C948F3F81A1C662E0000A910 /* main.m */,
			);
			name = "Supporting Files";
			sourceTree = "<group>";
		};
		C948F40F1A1C662E0000A910 /* MunchkinCounterTests */ = {
			isa = PBXGroup;
			children = (
				C948F4121A1C662E0000A910 /* MunchkinCounterTests.m */,
				C948F4101A1C662E0000A910 /* Supporting Files */,
			);
			path = MunchkinCounterTests;
			sourceTree = "<group>";
		};
		C948F4101A1C662E0000A910 /* Supporting Files */ = {
			isa = PBXGroup;
			children = (
				C948F4111A1C662E0000A910 /* Info.plist */,
			);
			name = "Supporting Files";
			sourceTree = "<group>";
		};
/* End PBXGroup section */

/* Begin PBXNativeTarget section */
		C948F3F21A1C662E0000A910 /* MunchkinCounter */ = {
			isa = PBXNativeTarget;
			buildConfigurationList = C948F4161A1C662E0000A910 /* Build configuration list for PBXNativeTarget "MunchkinCounter" */;
			buildPhases = (
				C948F3EF1A1C662E0000A910 /* Sources */,
				C948F3F01A1C662E0000A910 /* Frameworks */,
				C948F3F11A1C662E0000A910 /* Resources */,
			);
			buildRules = (
			);
			dependencies = (
			);
			name = MunchkinCounter;
			productName = MunchkinCounter;
			productReference = C948F3F31A1C662E0000A910 /* MunchkinCounter.app */;
			productType = "com.apple.product-type.application";
		};
		C948F40B1A1C662E0000A910 /* MunchkinCounterTests */ = {
			isa = PBXNativeTarget;
			buildConfigurationList = C948F4191A1C662E0000A910 /* Build configuration list for PBXNativeTarget "MunchkinCounterTests" */;
			buildPhases = (
				C948F4081A1C662E0000A910 /* Sources */,
				C948F4091A1C662E0000A910 /* Frameworks */,
				C948F40A1A1C662E0000A910 /* Resources */,
			);
			buildRules = (
			);
			dependencies = (
				C948F40E1A1C662E0000A910 /* PBXTargetDependency */,
			);
			name = MunchkinCounterTests;
			productName = MunchkinCounterTests;
			productReference = C948F40C1A1C662E0000A910 /* MunchkinCounterTests.xctest */;
			productType = "com.apple.product-type.bundle.unit-test";
		};
/* End PBXNativeTarget section */

/* Begin PBXProject section */
		C948F3EB1A1C662E0000A910 /* Project object */ = {
			isa = PBXProject;
			attributes = {
				LastUpgradeCheck = 0610;
				ORGANIZATIONNAME = MPApps;
				TargetAttributes = {
					C948F3F21A1C662E0000A910 = {
						CreatedOnToolsVersion = 6.1;
					};
					C948F40B1A1C662E0000A910 = {
						CreatedOnToolsVersion = 6.1;
						TestTargetID = C948F3F21A1C662E0000A910;
					};
				};
			};
			buildConfigurationList = C948F3EE1A1C662E0000A910 /* Build configuration list for PBXProject "MunchkinCounter" */;
			compatibilityVersion = "Xcode 3.2";
			developmentRegion = English;
			hasScannedForEncodings = 0;
			knownRegions = (
				en,
				Base,
			);
			mainGroup = C948F3EA1A1C662E0000A910;
			productRefGroup = C948F3F41A1C662E0000A910 /* Products */;
			projectDirPath = "";
			projectRoot = "";
			targets = (
				C948F3F21A1C662E0000A910 /* MunchkinCounter */,
				C948F40B1A1C662E0000A910 /* MunchkinCounterTests */,
			);
		};
/* End PBXProject section */

/* Begin PBXResourcesBuildPhase section */
		C948F3F11A1C662E0000A910 /* Resources */ = {
			isa = PBXResourcesBuildPhase;
			buildActionMask = 2147483647;
			files = (
				C948F4021A1C662E0000A910 /* Main.storyboard in Resources */,
				C948F4071A1C662E0000A910 /* LaunchScreen.xib in Resources */,
				C948F4041A1C662E0000A910 /* Images.xcassets in Resources */,
			);
			runOnlyForDeploymentPostprocessing = 0;
		};
		C948F40A1A1C662E0000A910 /* Resources */ = {
			isa = PBXResourcesBuildPhase;
			buildActionMask = 2147483647;
			files = (
			);
			runOnlyForDeploymentPostprocessing = 0;
		};
/* End PBXResourcesBuildPhase section */

/* Begin PBXSourcesBuildPhase section */
		C948F3EF1A1C662E0000A910 /* Sources */ = {
			isa = PBXSourcesBuildPhase;
			buildActionMask = 2147483647;
			files = (
				C948F3FC1A1C662E0000A910 /* AppDelegate.m in Sources */,
				C97430301A1CD24A00D83A67 /* MPAPlayer.m in Sources */,
				C97430331A1CD79000D83A67 /* MPAStartScreenViewController.m in Sources */,
				C948F3F91A1C662E0000A910 /* main.m in Sources */,
				C974302D1A1CCB2700D83A67 /* MPAMainViewController.m in Sources */,
			);
			runOnlyForDeploymentPostprocessing = 0;
		};
		C948F4081A1C662E0000A910 /* Sources */ = {
			isa = PBXSourcesBuildPhase;
			buildActionMask = 2147483647;
			files = (
				C948F4131A1C662E0000A910 /* MunchkinCounterTests.m in Sources */,
			);
			runOnlyForDeploymentPostprocessing = 0;
		};
/* End PBXSourcesBuildPhase section */

/* Begin PBXTargetDependency section */
		C948F40E1A1C662E0000A910 /* PBXTargetDependency */ = {
			isa = PBXTargetDependency;
			target = C948F3F21A1C662E0000A910 /* MunchkinCounter */;
			targetProxy = C948F40D1A1C662E0000A910 /* PBXContainerItemProxy */;
		};
/* End PBXTargetDependency section */

/* Begin PBXVariantGroup section */
		C948F4001A1C662E0000A910 /* Main.storyboard */ = {
			isa = PBXVariantGroup;
			children = (
				C948F4011A1C662E0000A910 /* Base */,
			);
			name = Main.storyboard;
			sourceTree = "<group>";
		};
		C948F4051A1C662E0000A910 /* LaunchScreen.xib */ = {
			isa = PBXVariantGroup;
			children = (
				C948F4061A1C662E0000A910 /* Base */,
			);
			name = LaunchScreen.xib;
			sourceTree = "<group>";
		};
/* End PBXVariantGroup section */

/* Begin XCBuildConfiguration section */
		C948F4141A1C662E0000A910 /* Debug */ = {
			isa = XCBuildConfiguration;
			buildSettings = {
				ALWAYS_SEARCH_USER_PATHS = NO;
				CLANG_CXX_LANGUAGE_STANDARD = "gnu++0x";
				CLANG_CXX_LIBRARY = "libc++";
				CLANG_ENABLE_MODULES = YES;
				CLANG_ENABLE_OBJC_ARC = YES;
				CLANG_WARN_BOOL_CONVERSION = YES;
				CLANG_WARN_CONSTANT_CONVERSION = YES;
				CLANG_WARN_DIRECT_OBJC_ISA_USAGE = YES_ERROR;
				CLANG_WARN_EMPTY_BODY = YES;
				CLANG_WARN_ENUM_CONVERSION = YES;
				CLANG_WARN_INT_CONVERSION = YES;
				CLANG_WARN_OBJC_ROOT_CLASS = YES_ERROR;
				CLANG_WARN_UNREACHABLE_CODE = YES;
				CLANG_WARN__DUPLICATE_METHOD_MATCH = YES;
				"CODE_SIGN_IDENTITY[sdk=iphoneos*]" = "iPhone Developer";
				COPY_PHASE_STRIP = NO;
				ENABLE_STRICT_OBJC_MSGSEND = YES;
				GCC_C_LANGUAGE_STANDARD = gnu99;
				GCC_DYNAMIC_NO_PIC = NO;
				GCC_OPTIMIZATION_LEVEL = 0;
				GCC_PREPROCESSOR_DEFINITIONS = (
					"DEBUG=1",
					"$(inherited)",
				);
				GCC_SYMBOLS_PRIVATE_EXTERN = NO;
				GCC_WARN_64_TO_32_BIT_CONVERSION = YES;
				GCC_WARN_ABOUT_RETURN_TYPE = YES_ERROR;
				GCC_WARN_UNDECLARED_SELECTOR = YES;
				GCC_WARN_UNINITIALIZED_AUTOS = YES_AGGRESSIVE;
				GCC_WARN_UNUSED_FUNCTION = YES;
				GCC_WARN_UNUSED_VARIABLE = YES;
				IPHONEOS_DEPLOYMENT_TARGET = 8.1;
				MTL_ENABLE_DEBUG_INFO = YES;
				ONLY_ACTIVE_ARCH = YES;
				SDKROOT = iphoneos;
			};
			name = Debug;
		};
		C948F4151A1C662E0000A910 /* Release */ = {
			isa = XCBuildConfiguration;
			buildSettings = {
				ALWAYS_SEARCH_USER_PATHS = NO;
				CLANG_CXX_LANGUAGE_STANDARD = "gnu++0x";
				CLANG_CXX_LIBRARY = "libc++";
				CLANG_ENABLE_MODULES = YES;
				CLANG_ENABLE_OBJC_ARC = YES;
				CLANG_WARN_BOOL_CONVERSION = YES;
				CLANG_WARN_CONSTANT_CONVERSION = YES;
				CLANG_WARN_DIRECT_OBJC_ISA_USAGE = YES_ERROR;
				CLANG_WARN_EMPTY_BODY = YES;
				CLANG_WARN_ENUM_CONVERSION = YES;
				CLANG_WARN_INT_CONVERSION = YES;
				CLANG_WARN_OBJC_ROOT_CLASS = YES_ERROR;
				CLANG_WARN_UNREACHABLE_CODE = YES;
				CLANG_WARN__DUPLICATE_METHOD_MATCH = YES;
				"CODE_SIGN_IDENTITY[sdk=iphoneos*]" = "iPhone Developer";
				COPY_PHASE_STRIP = YES;
				ENABLE_NS_ASSERTIONS = NO;
				ENABLE_STRICT_OBJC_MSGSEND = YES;
				GCC_C_LANGUAGE_STANDARD = gnu99;
				GCC_WARN_64_TO_32_BIT_CONVERSION = YES;
				GCC_WARN_ABOUT_RETURN_TYPE = YES_ERROR;
				GCC_WARN_UNDECLARED_SELECTOR = YES;
				GCC_WARN_UNINITIALIZED_AUTOS = YES_AGGRESSIVE;
				GCC_WARN_UNUSED_FUNCTION = YES;
				GCC_WARN_UNUSED_VARIABLE = YES;
				IPHONEOS_DEPLOYMENT_TARGET = 8.1;
				MTL_ENABLE_DEBUG_INFO = NO;
				SDKROOT = iphoneos;
				VALIDATE_PRODUCT = YES;
			};
			name = Release;
		};
		C948F4171A1C662E0000A910 /* Debug */ = {
			isa = XCBuildConfiguration;
			buildSettings = {
				ASSETCATALOG_COMPILER_APPICON_NAME = AppIcon;
				INFOPLIST_FILE = MunchkinCounter/Info.plist;
				LD_RUNPATH_SEARCH_PATHS = "$(inherited) @executable_path/Frameworks";
				PRODUCT_NAME = "$(TARGET_NAME)";
				TARGETED_DEVICE_FAMILY = 1;
			};
			name = Debug;
		};
		C948F4181A1C662E0000A910 /* Release */ = {
			isa = XCBuildConfiguration;
			buildSettings = {
				ASSETCATALOG_COMPILER_APPICON_NAME = AppIcon;
				INFOPLIST_FILE = MunchkinCounter/Info.plist;
				LD_RUNPATH_SEARCH_PATHS = "$(inherited) @executable_path/Frameworks";
				PRODUCT_NAME = "$(TARGET_NAME)";
				TARGETED_DEVICE_FAMILY = 1;
			};
			name = Release;
		};
		C948F41A1A1C662E0000A910 /* Debug */ = {
			isa = XCBuildConfiguration;
			buildSettings = {
				BUNDLE_LOADER = "$(TEST_HOST)";
				FRAMEWORK_SEARCH_PATHS = (
					"$(SDKROOT)/Developer/Library/Frameworks",
					"$(inherited)",
				);
				GCC_PREPROCESSOR_DEFINITIONS = (
					"DEBUG=1",
					"$(inherited)",
				);
				INFOPLIST_FILE = MunchkinCounterTests/Info.plist;
				LD_RUNPATH_SEARCH_PATHS = "$(inherited) @executable_path/Frameworks @loader_path/Frameworks";
				PRODUCT_NAME = "$(TARGET_NAME)";
				TEST_HOST = "$(BUILT_PRODUCTS_DIR)/MunchkinCounter.app/MunchkinCounter";
			};
			name = Debug;
		};
		C948F41B1A1C662E0000A910 /* Release */ = {
			isa = XCBuildConfiguration;
			buildSettings = {
				BUNDLE_LOADER = "$(TEST_HOST)";
				FRAMEWORK_SEARCH_PATHS = (
					"$(SDKROOT)/Developer/Library/Frameworks",
					"$(inherited)",
				);
				INFOPLIST_FILE = MunchkinCounterTests/Info.plist;
				LD_RUNPATH_SEARCH_PATHS = "$(inherited) @executable_path/Frameworks @loader_path/Frameworks";
				PRODUCT_NAME = "$(TARGET_NAME)";
				TEST_HOST = "$(BUILT_PRODUCTS_DIR)/MunchkinCounter.app/MunchkinCounter";
			};
			name = Release;
		};
/* End XCBuildConfiguration section */

/* Begin XCConfigurationList section */
		C948F3EE1A1C662E0000A910 /* Build configuration list for PBXProject "MunchkinCounter" */ = {
			isa = XCConfigurationList;
			buildConfigurations = (
				C948F4141A1C662E0000A910 /* Debug */,
				C948F4151A1C662E0000A910 /* Release */,
			);
			defaultConfigurationIsVisible = 0;
			defaultConfigurationName = Release;
		};
		C948F4161A1C662E0000A910 /* Build configuration list for PBXNativeTarget "MunchkinCounter" */ = {
			isa = XCConfigurationList;
			buildConfigurations = (
				C948F4171A1C662E0000A910 /* Debug */,
				C948F4181A1C662E0000A910 /* Release */,
			);
			defaultConfigurationIsVisible = 0;
			defaultConfigurationName = Release;
		};
		C948F4191A1C662E0000A910 /* Build configuration list for PBXNativeTarget "MunchkinCounterTests" */ = {
			isa = XCConfigurationList;
			buildConfigurations = (
				C948F41A1A1C662E0000A910 /* Debug */,
				C948F41B1A1C662E0000A910 /* Release */,
			);
			defaultConfigurationIsVisible = 0;
			defaultConfigurationName = Release;
		};
/* End XCConfigurationList section */
	};
	rootObject = C948F3EB1A1C662E0000A910 /* Project object */;
}
